
Microsoft Visual Studio Solution File, Format Version 12.00
# Visual Studio Version 16
VisualStudioVersion = 16.6.30114.105
MinimumVisualStudioVersion = 10.0.40219.1
Project("{2150E333-8FDC-42A3-9474-1A3956D46DE8}") = "Common", "Common", "{82521A18-58E7-4900-A3C5-5D33EEB4D7D4}"
EndProject
Project("{FAE04EC0-301F-11D3-BF4B-00C04F79EFBC}") = "Project.Common", "Common\Project.Common\Project.Common.csproj", "{675680B6-B3ED-4D16-96F1-CEB2B47240A5}"
EndProject
Project("{2150E333-8FDC-42A3-9474-1A3956D46DE8}") = "Data", "Data", "{ECE6BC19-E318-4197-9EF3-4995BB824D70}"
EndProject
Project("{FAE04EC0-301F-11D3-BF4B-00C04F79EFBC}") = "Project.Data.Models", "Data\Project.Data.Models\Project.Data.Models.csproj", "{CF1E0BEE-CAEC-4BE7-9B8C-BEBC64232A24}"
EndProject
Project("{FAE04EC0-301F-11D3-BF4B-00C04F79EFBC}") = "Project.Data", "Data\Project.Data\Project.Data.csproj", "{3164B844-2DA4-4135-956B-CC4C012403CA}"
EndProject
Project("{2150E333-8FDC-42A3-9474-1A3956D46DE8}") = "Services", "Services", "{C104DB04-F3C1-4583-8E1B-9181E607C996}"
EndProject
Project("{FAE04EC0-301F-11D3-BF4B-00C04F79EFBC}") = "Project.Services.Models", "Services\Project.Services.Models\Project.Services.Models.csproj", "{996FE479-D2E0-4B5A-A861-9134EB8F4CC4}"
EndProject
Project("{FAE04EC0-301F-11D3-BF4B-00C04F79EFBC}") = "Project.Services", "Services\Project.Services\Project.Services.csproj", "{53CD6AC3-13F8-43BF-8574-3829783209D3}"
EndProject
Project("{2150E333-8FDC-42A3-9474-1A3956D46DE8}") = "Web", "Web", "{8C354A7F-ADA3-403F-BDAF-CA0CFB645F66}"
EndProject
Project("{FAE04EC0-301F-11D3-BF4B-00C04F79EFBC}") = "Project.Web.Models", "Web\Project.Web.Models\Project.Web.Models.csproj", "{D737594D-1FDF-43F8-B7DF-1CB47B727063}"
EndProject
Project("{FAE04EC0-301F-11D3-BF4B-00C04F79EFBC}") = "Project.Web", "Web\Project.Web\Project.Web.csproj", "{A61EE867-1564-40BC-A974-3B1590C6F781}"
EndProject
Global
	GlobalSection(SolutionConfigurationPlatforms) = preSolution
		Debug|Any CPU = Debug|Any CPU
		Debug|x64 = Debug|x64
		Debug|x86 = Debug|x86
		Release|Any CPU = Release|Any CPU
		Release|x64 = Release|x64
		Release|x86 = Release|x86
	EndGlobalSection
	GlobalSection(SolutionProperties) = preSolution
		HideSolutionNode = FALSE
	EndGlobalSection
	GlobalSection(ProjectConfigurationPlatforms) = postSolution
		{675680B6-B3ED-4D16-96F1-CEB2B47240A5}.Debug|Any CPU.ActiveCfg = Debug|Any CPU
		{675680B6-B3ED-4D16-96F1-CEB2B47240A5}.Debug|Any CPU.Build.0 = Debug|Any CPU
		{675680B6-B3ED-4D16-96F1-CEB2B47240A5}.Debug|x64.ActiveCfg = Debug|Any CPU
		{675680B6-B3ED-4D16-96F1-CEB2B47240A5}.Debug|x64.Build.0 = Debug|Any CPU
		{675680B6-B3ED-4D16-96F1-CEB2B47240A5}.Debug|x86.ActiveCfg = Debug|Any CPU
		{675680B6-B3ED-4D16-96F1-CEB2B47240A5}.Debug|x86.Build.0 = Debug|Any CPU
		{675680B6-B3ED-4D16-96F1-CEB2B47240A5}.Release|Any CPU.ActiveCfg = Release|Any CPU
		{675680B6-B3ED-4D16-96F1-CEB2B47240A5}.Release|Any CPU.Build.0 = Release|Any CPU
		{675680B6-B3ED-4D16-96F1-CEB2B47240A5}.Release|x64.ActiveCfg = Release|Any CPU
		{675680B6-B3ED-4D16-96F1-CEB2B47240A5}.Release|x64.Build.0 = Release|Any CPU
		{675680B6-B3ED-4D16-96F1-CEB2B47240A5}.Release|x86.ActiveCfg = Release|Any CPU
		{675680B6-B3ED-4D16-96F1-CEB2B47240A5}.Release|x86.Build.0 = Release|Any CPU
		{CF1E0BEE-CAEC-4BE7-9B8C-BEBC64232A24}.Debug|Any CPU.ActiveCfg = Debug|Any CPU
		{CF1E0BEE-CAEC-4BE7-9B8C-BEBC64232A24}.Debug|Any CPU.Build.0 = Debug|Any CPU
		{CF1E0BEE-CAEC-4BE7-9B8C-BEBC64232A24}.Debug|x64.ActiveCfg = Debug|Any CPU
		{CF1E0BEE-CAEC-4BE7-9B8C-BEBC64232A24}.Debug|x64.Build.0 = Debug|Any CPU
		{CF1E0BEE-CAEC-4BE7-9B8C-BEBC64232A24}.Debug|x86.ActiveCfg = Debug|Any CPU
		{CF1E0BEE-CAEC-4BE7-9B8C-BEBC64232A24}.Debug|x86.Build.0 = Debug|Any CPU
		{CF1E0BEE-CAEC-4BE7-9B8C-BEBC64232A24}.Release|Any CPU.ActiveCfg = Release|Any CPU
		{CF1E0BEE-CAEC-4BE7-9B8C-BEBC64232A24}.Release|Any CPU.Build.0 = Release|Any CPU
		{CF1E0BEE-CAEC-4BE7-9B8C-BEBC64232A24}.Release|x64.ActiveCfg = Release|Any CPU
		{CF1E0BEE-CAEC-4BE7-9B8C-BEBC64232A24}.Release|x64.Build.0 = Release|Any CPU
		{CF1E0BEE-CAEC-4BE7-9B8C-BEBC64232A24}.Release|x86.ActiveCfg = Release|Any CPU
		{CF1E0BEE-CAEC-4BE7-9B8C-BEBC64232A24}.Release|x86.Build.0 = Release|Any CPU
		{3164B844-2DA4-4135-956B-CC4C012403CA}.Debug|Any CPU.ActiveCfg = Debug|Any CPU
		{3164B844-2DA4-4135-956B-CC4C012403CA}.Debug|Any CPU.Build.0 = Debug|Any CPU
		{3164B844-2DA4-4135-956B-CC4C012403CA}.Debug|x64.ActiveCfg = Debug|Any CPU
		{3164B844-2DA4-4135-956B-CC4C012403CA}.Debug|x64.Build.0 = Debug|Any CPU
		{3164B844-2DA4-4135-956B-CC4C012403CA}.Debug|x86.ActiveCfg = Debug|Any CPU
		{3164B844-2DA4-4135-956B-CC4C012403CA}.Debug|x86.Build.0 = Debug|Any CPU
		{3164B844-2DA4-4135-956B-CC4C012403CA}.Release|Any CPU.ActiveCfg = Release|Any CPU
		{3164B844-2DA4-4135-956B-CC4C012403CA}.Release|Any CPU.Build.0 = Release|Any CPU
		{3164B844-2DA4-4135-956B-CC4C012403CA}.Release|x64.ActiveCfg = Release|Any CPU
		{3164B844-2DA4-4135-956B-CC4C012403CA}.Release|x64.Build.0 = Release|Any CPU
		{3164B844-2DA4-4135-956B-CC4C012403CA}.Release|x86.ActiveCfg = Release|Any CPU
		{3164B844-2DA4-4135-956B-CC4C012403CA}.Release|x86.Build.0 = Release|Any CPU
		{996FE479-D2E0-4B5A-A861-9134EB8F4CC4}.Debug|Any CPU.ActiveCfg = Debug|Any CPU
		{996FE479-D2E0-4B5A-A861-9134EB8F4CC4}.Debug|Any CPU.Build.0 = Debug|Any CPU
		{996FE479-D2E0-4B5A-A861-9134EB8F4CC4}.Debug|x64.ActiveCfg = Debug|Any CPU
		{996FE479-D2E0-4B5A-A861-9134EB8F4CC4}.Debug|x64.Build.0 = Debug|Any CPU
		{996FE479-D2E0-4B5A-A861-9134EB8F4CC4}.Debug|x86.ActiveCfg = Debug|Any CPU
		{996FE479-D2E0-4B5A-A861-9134EB8F4CC4}.Debug|x86.Build.0 = Debug|Any CPU
		{996FE479-D2E0-4B5A-A861-9134EB8F4CC4}.Release|Any CPU.ActiveCfg = Release|Any CPU
		{996FE479-D2E0-4B5A-A861-9134EB8F4CC4}.Release|Any CPU.Build.0 = Release|Any CPU
		{996FE479-D2E0-4B5A-A861-9134EB8F4CC4}.Release|x64.ActiveCfg = Release|Any CPU
		{996FE479-D2E0-4B5A-A861-9134EB8F4CC4}.Release|x64.Build.0 = Release|Any CPU
		{996FE479-D2E0-4B5A-A861-9134EB8F4CC4}.Release|x86.ActiveCfg = Release|Any CPU
		{996FE479-D2E0-4B5A-A861-9134EB8F4CC4}.Release|x86.Build.0 = Release|Any CPU
		{53CD6AC3-13F8-43BF-8574-3829783209D3}.Debug|Any CPU.ActiveCfg = Debug|Any CPU
		{53CD6AC3-13F8-43BF-8574-3829783209D3}.Debug|Any CPU.Build.0 = Debug|Any CPU
		{53CD6AC3-13F8-43BF-8574-3829783209D3}.Debug|x64.ActiveCfg = Debug|Any CPU
		{53CD6AC3-13F8-43BF-8574-3829783209D3}.Debug|x64.Build.0 = Debug|Any CPU
		{53CD6AC3-13F8-43BF-8574-3829783209D3}.Debug|x86.ActiveCfg = Debug|Any CPU
		{53CD6AC3-13F8-43BF-8574-3829783209D3}.Debug|x86.Build.0 = Debug|Any CPU
		{53CD6AC3-13F8-43BF-8574-3829783209D3}.Release|Any CPU.ActiveCfg = Release|Any CPU
		{53CD6AC3-13F8-43BF-8574-3829783209D3}.Release|Any CPU.Build.0 = Release|Any CPU
		{53CD6AC3-13F8-43BF-8574-3829783209D3}.Release|x64.ActiveCfg = Release|Any CPU
		{53CD6AC3-13F8-43BF-8574-3829783209D3}.Release|x64.Build.0 = Release|Any CPU
		{53CD6AC3-13F8-43BF-8574-3829783209D3}.Release|x86.ActiveCfg = Release|Any CPU
		{53CD6AC3-13F8-43BF-8574-3829783209D3}.Release|x86.Build.0 = Release|Any CPU
		{D737594D-1FDF-43F8-B7DF-1CB47B727063}.Debug|Any CPU.ActiveCfg = Debug|Any CPU
		{D737594D-1FDF-43F8-B7DF-1CB47B727063}.Debug|Any CPU.Build.0 = Debug|Any CPU
		{D737594D-1FDF-43F8-B7DF-1CB47B727063}.Debug|x64.ActiveCfg = Debug|Any CPU
		{D737594D-1FDF-43F8-B7DF-1CB47B727063}.Debug|x64.Build.0 = Debug|Any CPU
		{D737594D-1FDF-43F8-B7DF-1CB47B727063}.Debug|x86.ActiveCfg = Debug|Any CPU
		{D737594D-1FDF-43F8-B7DF-1CB47B727063}.Debug|x86.Build.0 = Debug|Any CPU
		{D737594D-1FDF-43F8-B7DF-1CB47B727063}.Release|Any CPU.ActiveCfg = Release|Any CPU
		{D737594D-1FDF-43F8-B7DF-1CB47B727063}.Release|Any CPU.Build.0 = Release|Any CPU
		{D737594D-1FDF-43F8-B7DF-1CB47B727063}.Release|x64.ActiveCfg = Release|Any CPU
		{D737594D-1FDF-43F8-B7DF-1CB47B727063}.Release|x64.Build.0 = Release|Any CPU
		{D737594D-1FDF-43F8-B7DF-1CB47B727063}.Release|x86.ActiveCfg = Release|Any CPU
		{D737594D-1FDF-43F8-B7DF-1CB47B727063}.Release|x86.Build.0 = Release|Any CPU
		{A61EE867-1564-40BC-A974-3B1590C6F781}.Debug|Any CPU.ActiveCfg = Debug|Any CPU
		{A61EE867-1564-40BC-A974-3B1590C6F781}.Debug|Any CPU.Build.0 = Debug|Any CPU
		{A61EE867-1564-40BC-A974-3B1590C6F781}.Debug|x64.ActiveCfg = Debug|Any CPU
		{A61EE867-1564-40BC-A974-3B1590C6F781}.Debug|x64.Build.0 = Debug|Any CPU
		{A61EE867-1564-40BC-A974-3B1590C6F781}.Debug|x86.ActiveCfg = Debug|Any CPU
		{A61EE867-1564-40BC-A974-3B1590C6F781}.Debug|x86.Build.0 = Debug|Any CPU
		{A61EE867-1564-40BC-A974-3B1590C6F781}.Release|Any CPU.ActiveCfg = Release|Any CPU
		{A61EE867-1564-40BC-A974-3B1590C6F781}.Release|Any CPU.Build.0 = Release|Any CPU
		{A61EE867-1564-40BC-A974-3B1590C6F781}.Release|x64.ActiveCfg = Release|Any CPU
		{A61EE867-1564-40BC-A974-3B1590C6F781}.Release|x64.Build.0 = Release|Any CPU
		{A61EE867-1564-40BC-A974-3B1590C6F781}.Release|x86.ActiveCfg = Release|Any CPU
		{A61EE867-1564-40BC-A974-3B1590C6F781}.Release|x86.Build.0 = Release|Any CPU
	EndGlobalSection
	GlobalSection(NestedProjects) = preSolution
		{675680B6-B3ED-4D16-96F1-CEB2B47240A5} = {82521A18-58E7-4900-A3C5-5D33EEB4D7D4}
		{CF1E0BEE-CAEC-4BE7-9B8C-BEBC64232A24} = {ECE6BC19-E318-4197-9EF3-4995BB824D70}
		{3164B844-2DA4-4135-956B-CC4C012403CA} = {ECE6BC19-E318-4197-9EF3-4995BB824D70}
		{996FE479-D2E0-4B5A-A861-9134EB8F4CC4} = {C104DB04-F3C1-4583-8E1B-9181E607C996}
		{53CD6AC3-13F8-43BF-8574-3829783209D3} = {C104DB04-F3C1-4583-8E1B-9181E607C996}
		{D737594D-1FDF-43F8-B7DF-1CB47B727063} = {8C354A7F-ADA3-403F-BDAF-CA0CFB645F66}
		{A61EE867-1564-40BC-A974-3B1590C6F781} = {8C354A7F-ADA3-403F-BDAF-CA0CFB645F66}
	EndGlobalSection
EndGlobal
